
Microsoft Visual Studio Solution File, Format Version 12.00
# Visual Studio Version 16
VisualStudioVersion = 16.0.29613.14
MinimumVisualStudioVersion = 10.0.40219.1
Project("{FAE04EC0-301F-11D3-BF4B-00C04F79EFBC}") = "Calculator", "Calculator\Calculator.csproj", "{8FB4BAA9-B929-4A39-AD51-F98BF94945AB}"
EndProject
Project("{FAE04EC0-301F-11D3-BF4B-00C04F79EFBC}") = "MathLibrary", "MathLibrary\MathLibrary.csproj", "{105E602A-C222-41FA-91A7-1075FF1BC96B}"
EndProject
Global
	GlobalSection(SolutionConfigurationPlatforms) = preSolution
		Debug|Any CPU = Debug|Any CPU
		Release|Any CPU = Release|Any CPU
	EndGlobalSection
	GlobalSection(ProjectConfigurationPlatforms) = postSolution
		{8FB4BAA9-B929-4A39-AD51-F98BF94945AB}.Debug|Any CPU.ActiveCfg = Debug|Any CPU
		{8FB4BAA9-B929-4A39-AD51-F98BF94945AB}.Debug|Any CPU.Build.0 = Debug|Any CPU
		{8FB4BAA9-B929-4A39-AD51-F98BF94945AB}.Release|Any CPU.ActiveCfg = Release|Any CPU
		{8FB4BAA9-B929-4A39-AD51-F98BF94945AB}.Release|Any CPU.Build.0 = Release|Any CPU
		{105E602A-C222-41FA-91A7-1075FF1BC96B}.Debug|Any CPU.ActiveCfg = Debug|Any CPU
		{105E602A-C222-41FA-91A7-1075FF1BC96B}.Debug|Any CPU.Build.0 = Debug|Any CPU
		{105E602A-C222-41FA-91A7-1075FF1BC96B}.Release|Any CPU.ActiveCfg = Release|Any CPU
		{105E602A-C222-41FA-91A7-1075FF1BC96B}.Release|Any CPU.Build.0 = Release|Any CPU
	EndGlobalSection
	GlobalSection(SolutionProperties) = preSolution
		HideSolutionNode = FALSE
	EndGlobalSection
	GlobalSection(ExtensibilityGlobals) = postSolution
		SolutionGuid = {5D832569-3576-48DA-8188-51ABD01BF370}
	EndGlobalSection
EndGlobal
